
Microsoft Visual Studio Solution File, Format Version 12.00
# Visual Studio Version 17
VisualStudioVersion = 17.13.35931.197 d17.13
MinimumVisualStudioVersion = 10.0.40219.1
Project("{FAE04EC0-301F-11D3-BF4B-00C04F79EFBC}") = "Tool_UppercaseFolders", "Tool_UppercaseFolders.csproj", "{135500A5-CD06-4EB0-90D9-EF7FCED1CE8B}"
EndProject
Global
	GlobalSection(SolutionConfigurationPlatforms) = preSolution
		Debug|Any CPU = Debug|Any CPU
		Release|Any CPU = Release|Any CPU
	EndGlobalSection
	GlobalSection(ProjectConfigurationPlatforms) = postSolution
		{135500A5-CD06-4EB0-90D9-EF7FCED1CE8B}.Debug|Any CPU.ActiveCfg = Debug|Any CPU
		{135500A5-CD06-4EB0-90D9-EF7FCED1CE8B}.Debug|Any CPU.Build.0 = Debug|Any CPU
		{135500A5-CD06-4EB0-90D9-EF7FCED1CE8B}.Release|Any CPU.ActiveCfg = Release|Any CPU
		{135500A5-CD06-4EB0-90D9-EF7FCED1CE8B}.Release|Any CPU.Build.0 = Release|Any CPU
	EndGlobalSection
	GlobalSection(SolutionProperties) = preSolution
		HideSolutionNode = FALSE
	EndGlobalSection
	GlobalSection(ExtensibilityGlobals) = postSolution
		SolutionGuid = {187AD9E3-3D16-4743-A4D6-E77D4977E004}
	EndGlobalSection
EndGlobal
